
Microsoft Visual Studio Solution File, Format Version 12.00
# Visual Studio Version 17
VisualStudioVersion = 17.7.34009.444
MinimumVisualStudioVersion = 10.0.40219.1
Project("{FAE04EC0-301F-11D3-BF4B-00C04F79EFBC}") = "AuthMiddleware", "AuthMiddleware\AuthMiddleware.csproj", "{AFA4DCD0-A8ED-49E1-9824-7727066E9A47}"
EndProject
Project("{FAE04EC0-301F-11D3-BF4B-00C04F79EFBC}") = "AuthTest", "AuthTest\AuthTest.csproj", "{61BFD04B-D6E6-4B0E-BDFD-BE39137D53F8}"
EndProject
Global
	GlobalSection(SolutionConfigurationPlatforms) = preSolution
		Debug|Any CPU = Debug|Any CPU
		Release|Any CPU = Release|Any CPU
	EndGlobalSection
	GlobalSection(ProjectConfigurationPlatforms) = postSolution
		{AFA4DCD0-A8ED-49E1-9824-7727066E9A47}.Debug|Any CPU.ActiveCfg = Debug|Any CPU
		{AFA4DCD0-A8ED-49E1-9824-7727066E9A47}.Debug|Any CPU.Build.0 = Debug|Any CPU
		{AFA4DCD0-A8ED-49E1-9824-7727066E9A47}.Release|Any CPU.ActiveCfg = Release|Any CPU
		{AFA4DCD0-A8ED-49E1-9824-7727066E9A47}.Release|Any CPU.Build.0 = Release|Any CPU
		{61BFD04B-D6E6-4B0E-BDFD-BE39137D53F8}.Debug|Any CPU.ActiveCfg = Debug|Any CPU
		{61BFD04B-D6E6-4B0E-BDFD-BE39137D53F8}.Debug|Any CPU.Build.0 = Debug|Any CPU
		{61BFD04B-D6E6-4B0E-BDFD-BE39137D53F8}.Release|Any CPU.ActiveCfg = Release|Any CPU
		{61BFD04B-D6E6-4B0E-BDFD-BE39137D53F8}.Release|Any CPU.Build.0 = Release|Any CPU
	EndGlobalSection
	GlobalSection(SolutionProperties) = preSolution
		HideSolutionNode = FALSE
	EndGlobalSection
	GlobalSection(ExtensibilityGlobals) = postSolution
		SolutionGuid = {73299C5D-C018-4977-ACCC-0A993AC7ED45}
	EndGlobalSection
EndGlobal
